// !$*UTF8*$!
{
	archiveVersion = 1;
	classes = {
	};
	objectVersion = 46;
	objects = {

/* Begin PBXBuildFile section */
		9ADBA9D81B37DFDB003C12E0 /* main.m in Sources */ = {isa = PBXBuildFile; fileRef = 9ADBA9D71B37DFDB003C12E0 /* main.m */; };
		9ADBA9DB1B37DFDB003C12E0 /* AppDelegate.m in Sources */ = {isa = PBXBuildFile; fileRef = 9ADBA9DA1B37DFDB003C12E0 /* AppDelegate.m */; };
		9ADBA9DE1B37DFDB003C12E0 /* ViewController.m in Sources */ = {isa = PBXBuildFile; fileRef = 9ADBA9DD1B37DFDB003C12E0 /* ViewController.m */; };
		9ADBA9E11B37DFDB003C12E0 /* Main.storyboard in Resources */ = {isa = PBXBuildFile; fileRef = 9ADBA9DF1B37DFDB003C12E0 /* Main.storyboard */; };
		9ADBA9E31B37DFDB003C12E0 /* Images.xcassets in Resources */ = {isa = PBXBuildFile; fileRef = 9ADBA9E21B37DFDB003C12E0 /* Images.xcassets */; };
		9ADBA9E61B37DFDB003C12E0 /* LaunchScreen.xib in Resources */ = {isa = PBXBuildFile; fileRef = 9ADBA9E41B37DFDB003C12E0 /* LaunchScreen.xib */; };
		9ADBA9F21B37DFDB003C12E0 /* newsTests.m in Sources */ = {isa = PBXBuildFile; fileRef = 9ADBA9F11B37DFDB003C12E0 /* newsTests.m */; };
/* End PBXBuildFile section */

/* Begin PBXContainerItemProxy section */
		9ADBA9EC1B37DFDB003C12E0 /* PBXContainerItemProxy */ = {
			isa = PBXContainerItemProxy;
			containerPortal = 9ADBA9CA1B37DFDB003C12E0 /* Project object */;
			proxyType = 1;
			remoteGlobalIDString = 9ADBA9D11B37DFDB003C12E0;
			remoteInfo = news;
		};
/* End PBXContainerItemProxy section */

/* Begin PBXFileReference section */
		9ADBA9D21B37DFDB003C12E0 /* news.app */ = {isa = PBXFileReference; explicitFileType = wrapper.application; includeInIndex = 0; path = news.app; sourceTree = BUILT_PRODUCTS_DIR; };
		9ADBA9D61B37DFDB003C12E0 /* Info.plist */ = {isa = PBXFileReference; lastKnownFileType = text.plist.xml; path = Info.plist; sourceTree = "<group>"; };
		9ADBA9D71B37DFDB003C12E0 /* main.m */ = {isa = PBXFileReference; lastKnownFileType = sourcecode.c.objc; path = main.m; sourceTree = "<group>"; };
		9ADBA9D91B37DFDB003C12E0 /* AppDelegate.h */ = {isa = PBXFileReference; lastKnownFileType = sourcecode.c.h; path = AppDelegate.h; sourceTree = "<group>"; };
		9ADBA9DA1B37DFDB003C12E0 /* AppDelegate.m */ = {isa = PBXFileReference; lastKnownFileType = sourcecode.c.objc; path = AppDelegate.m; sourceTree = "<group>"; };
		9ADBA9DC1B37DFDB003C12E0 /* ViewController.h */ = {isa = PBXFileReference; lastKnownFileType = sourcecode.c.h; path = ViewController.h; sourceTree = "<group>"; };
		9ADBA9DD1B37DFDB003C12E0 /* ViewController.m */ = {isa = PBXFileReference; lastKnownFileType = sourcecode.c.objc; path = ViewController.m; sourceTree = "<group>"; };
		9ADBA9E01B37DFDB003C12E0 /* Base */ = {isa = PBXFileReference; lastKnownFileType = file.storyboard; name = Base; path = Base.lproj/Main.storyboard; sourceTree = "<group>"; };
		9ADBA9E21B37DFDB003C12E0 /* Images.xcassets */ = {isa = PBXFileReference; lastKnownFileType = folder.assetcatalog; path = Images.xcassets; sourceTree = "<group>"; };
		9ADBA9E51B37DFDB003C12E0 /* Base */ = {isa = PBXFileReference; lastKnownFileType = file.xib; name = Base; path = Base.lproj/LaunchScreen.xib; sourceTree = "<group>"; };
		9ADBA9EB1B37DFDB003C12E0 /* newsTests.xctest */ = {isa = PBXFileReference; explicitFileType = wrapper.cfbundle; includeInIndex = 0; path = newsTests.xctest; sourceTree = BUILT_PRODUCTS_DIR; };
		9ADBA9F01B37DFDB003C12E0 /* Info.plist */ = {isa = PBXFileReference; lastKnownFileType = text.plist.xml; path = Info.plist; sourceTree = "<group>"; };
		9ADBA9F11B37DFDB003C12E0 /* newsTests.m */ = {isa = PBXFileReference; lastKnownFileType = sourcecode.c.objc; path = newsTests.m; sourceTree = "<group>"; };
/* End PBXFileReference section */

/* Begin PBXFrameworksBuildPhase section */
		9ADBA9CF1B37DFDB003C12E0 /* Frameworks */ = {
			isa = PBXFrameworksBuildPhase;
			buildActionMask = 2147483647;
			files = (
			);
			runOnlyForDeploymentPostprocessing = 0;
		};
		9ADBA9E81B37DFDB003C12E0 /* Frameworks */ = {
			isa = PBXFrameworksBuildPhase;
			buildActionMask = 2147483647;
			files = (
			);
			runOnlyForDeploymentPostprocessing = 0;
		};
/* End PBXFrameworksBuildPhase section */

/* Begin PBXGroup section */
		9ADBA9C91B37DFDB003C12E0 = {
			isa = PBXGroup;
			children = (
				9ADBA9D41B37DFDB003C12E0 /* news */,
				9ADBA9EE1B37DFDB003C12E0 /* newsTests */,
				9ADBA9D31B37DFDB003C12E0 /* Products */,
			);
			sourceTree = "<group>";
		};
		9ADBA9D31B37DFDB003C12E0 /* Products */ = {
			isa = PBXGroup;
			children = (
				9ADBA9D21B37DFDB003C12E0 /* news.app */,
				9ADBA9EB1B37DFDB003C12E0 /* newsTests.xctest */,
			);
			name = Products;
			sourceTree = "<group>";
		};
		9ADBA9D41B37DFDB003C12E0 /* news */ = {
			isa = PBXGroup;
			children = (
				9ADBA9D91B37DFDB003C12E0 /* AppDelegate.h */,
				9ADBA9DA1B37DFDB003C12E0 /* AppDelegate.m */,
				9ADBA9DC1B37DFDB003C12E0 /* ViewController.h */,
				9ADBA9DD1B37DFDB003C12E0 /* ViewController.m */,
				9ADBA9DF1B37DFDB003C12E0 /* Main.storyboard */,
				9ADBA9E21B37DFDB003C12E0 /* Images.xcassets */,
				9ADBA9E41B37DFDB003C12E0 /* LaunchScreen.xib */,
				9ADBA9D51B37DFDB003C12E0 /* Supporting Files */,
			);
			path = news;
			sourceTree = "<group>";
		};
		9ADBA9D51B37DFDB003C12E0 /* Supporting Files */ = {
			isa = PBXGroup;
			children = (
				9ADBA9D61B37DFDB003C12E0 /* Info.plist */,
				9ADBA9D71B37DFDB003C12E0 /* main.m */,
			);
			name = "Supporting Files";
			sourceTree = "<group>";
		};
		9ADBA9EE1B37DFDB003C12E0 /* newsTests */ = {
			isa = PBXGroup;
			children = (
				9ADBA9F11B37DFDB003C12E0 /* newsTests.m */,
				9ADBA9EF1B37DFDB003C12E0 /* Supporting Files */,
			);
			path = newsTests;
			sourceTree = "<group>";
		};
		9ADBA9EF1B37DFDB003C12E0 /* Supporting Files */ = {
			isa = PBXGroup;
			children = (
				9ADBA9F01B37DFDB003C12E0 /* Info.plist */,
			);
			name = "Supporting Files";
			sourceTree = "<group>";
		};
/* End PBXGroup section */

/* Begin PBXNativeTarget section */
		9ADBA9D11B37DFDB003C12E0 /* news */ = {
			isa = PBXNativeTarget;
			buildConfigurationList = 9ADBA9F51B37DFDB003C12E0 /* Build configuration list for PBXNativeTarget "news" */;
			buildPhases = (
				9ADBA9CE1B37DFDB003C12E0 /* Sources */,
				9ADBA9CF1B37DFDB003C12E0 /* Frameworks */,
				9ADBA9D01B37DFDB003C12E0 /* Resources */,
			);
			buildRules = (
			);
			dependencies = (
			);
			name = news;
			productName = news;
			productReference = 9ADBA9D21B37DFDB003C12E0 /* news.app */;
			productType = "com.apple.product-type.application";
		};
		9ADBA9EA1B37DFDB003C12E0 /* newsTests */ = {
			isa = PBXNativeTarget;
			buildConfigurationList = 9ADBA9F81B37DFDB003C12E0 /* Build configuration list for PBXNativeTarget "newsTests" */;
			buildPhases = (
				9ADBA9E71B37DFDB003C12E0 /* Sources */,
				9ADBA9E81B37DFDB003C12E0 /* Frameworks */,
				9ADBA9E91B37DFDB003C12E0 /* Resources */,
			);
			buildRules = (
			);
			dependencies = (
				9ADBA9ED1B37DFDB003C12E0 /* PBXTargetDependency */,
			);
			name = newsTests;
			productName = newsTests;
			productReference = 9ADBA9EB1B37DFDB003C12E0 /* newsTests.xctest */;
			productType = "com.apple.product-type.bundle.unit-test";
		};
/* End PBXNativeTarget section */

/* Begin PBXProject section */
		9ADBA9CA1B37DFDB003C12E0 /* Project object */ = {
			isa = PBXProject;
			attributes = {
				LastUpgradeCheck = 0630;
				ORGANIZATIONNAME = "马云龙";
				TargetAttributes = {
					9ADBA9D11B37DFDB003C12E0 = {
						CreatedOnToolsVersion = 6.3;
					};
					9ADBA9EA1B37DFDB003C12E0 = {
						CreatedOnToolsVersion = 6.3;
						TestTargetID = 9ADBA9D11B37DFDB003C12E0;
					};
				};
			};
			buildConfigurationList = 9ADBA9CD1B37DFDB003C12E0 /* Build configuration list for PBXProject "news" */;
			compatibilityVersion = "Xcode 3.2";
			developmentRegion = English;
			hasScannedForEncodings = 0;
			knownRegions = (
				en,
				Base,
			);
			mainGroup = 9ADBA9C91B37DFDB003C12E0;
			productRefGroup = 9ADBA9D31B37DFDB003C12E0 /* Products */;
			projectDirPath = "";
			projectRoot = "";
			targets = (
				9ADBA9D11B37DFDB003C12E0 /* news */,
				9ADBA9EA1B37DFDB003C12E0 /* newsTests */,
			);
		};
/* End PBXProject section */

/* Begin PBXResourcesBuildPhase section */
		9ADBA9D01B37DFDB003C12E0 /* Resources */ = {
			isa = PBXResourcesBuildPhase;
			buildActionMask = 2147483647;
			files = (
				9ADBA9E11B37DFDB003C12E0 /* Main.storyboard in Resources */,
				9ADBA9E61B37DFDB003C12E0 /* LaunchScreen.xib in Resources */,
				9ADBA9E31B37DFDB003C12E0 /* Images.xcassets in Resources */,
			);
			runOnlyForDeploymentPostprocessing = 0;
		};
		9ADBA9E91B37DFDB003C12E0 /* Resources */ = {
			isa = PBXResourcesBuildPhase;
			buildActionMask = 2147483647;
			files = (
			);
			runOnlyForDeploymentPostprocessing = 0;
		};
/* End PBXResourcesBuildPhase section */

/* Begin PBXSourcesBuildPhase section */
		9ADBA9CE1B37DFDB003C12E0 /* Sources */ = {
			isa = PBXSourcesBuildPhase;
			buildActionMask = 2147483647;
			files = (
				9ADBA9DE1B37DFDB003C12E0 /* ViewController.m in Sources */,
				9ADBA9DB1B37DFDB003C12E0 /* AppDelegate.m in Sources */,
				9ADBA9D81B37DFDB003C12E0 /* main.m in Sources */,
			);
			runOnlyForDeploymentPostprocessing = 0;
		};
		9ADBA9E71B37DFDB003C12E0 /* Sources */ = {
			isa = PBXSourcesBuildPhase;
			buildActionMask = 2147483647;
			files = (
				9ADBA9F21B37DFDB003C12E0 /* newsTests.m in Sources */,
			);
			runOnlyForDeploymentPostprocessing = 0;
		};
/* End PBXSourcesBuildPhase section */

/* Begin PBXTargetDependency section */
		9ADBA9ED1B37DFDB003C12E0 /* PBXTargetDependency */ = {
			isa = PBXTargetDependency;
			target = 9ADBA9D11B37DFDB003C12E0 /* news */;
			targetProxy = 9ADBA9EC1B37DFDB003C12E0 /* PBXContainerItemProxy */;
		};
/* End PBXTargetDependency section */

/* Begin PBXVariantGroup section */
		9ADBA9DF1B37DFDB003C12E0 /* Main.storyboard */ = {
			isa = PBXVariantGroup;
			children = (
				9ADBA9E01B37DFDB003C12E0 /* Base */,
			);
			name = Main.storyboard;
			sourceTree = "<group>";
		};
		9ADBA9E41B37DFDB003C12E0 /* LaunchScreen.xib */ = {
			isa = PBXVariantGroup;
			children = (
				9ADBA9E51B37DFDB003C12E0 /* Base */,
			);
			name = LaunchScreen.xib;
			sourceTree = "<group>";
		};
/* End PBXVariantGroup section */

/* Begin XCBuildConfiguration section */
		9ADBA9F31B37DFDB003C12E0 /* Debug */ = {
			isa = XCBuildConfiguration;
			buildSettings = {
				ALWAYS_SEARCH_USER_PATHS = NO;
				CLANG_CXX_LANGUAGE_STANDARD = "gnu++0x";
				CLANG_CXX_LIBRARY = "libc++";
				CLANG_ENABLE_MODULES = YES;
				CLANG_ENABLE_OBJC_ARC = YES;
				CLANG_WARN_BOOL_CONVERSION = YES;
				CLANG_WARN_CONSTANT_CONVERSION = YES;
				CLANG_WARN_DIRECT_OBJC_ISA_USAGE = YES_ERROR;
				CLANG_WARN_EMPTY_BODY = YES;
				CLANG_WARN_ENUM_CONVERSION = YES;
				CLANG_WARN_INT_CONVERSION = YES;
				CLANG_WARN_OBJC_ROOT_CLASS = YES_ERROR;
				CLANG_WARN_UNREACHABLE_CODE = YES;
				CLANG_WARN__DUPLICATE_METHOD_MATCH = YES;
				"CODE_SIGN_IDENTITY[sdk=iphoneos*]" = "iPhone Developer";
				COPY_PHASE_STRIP = NO;
				DEBUG_INFORMATION_FORMAT = "dwarf-with-dsym";
				ENABLE_STRICT_OBJC_MSGSEND = YES;
				GCC_C_LANGUAGE_STANDARD = gnu99;
				GCC_DYNAMIC_NO_PIC = NO;
				GCC_NO_COMMON_BLOCKS = YES;
				GCC_OPTIMIZATION_LEVEL = 0;
				GCC_PREPROCESSOR_DEFINITIONS = (
					"DEBUG=1",
					"$(inherited)",
				);
				GCC_SYMBOLS_PRIVATE_EXTERN = NO;
				GCC_WARN_64_TO_32_BIT_CONVERSION = YES;
				GCC_WARN_ABOUT_RETURN_TYPE = YES_ERROR;
				GCC_WARN_UNDECLARED_SELECTOR = YES;
				GCC_WARN_UNINITIALIZED_AUTOS = YES_AGGRESSIVE;
				GCC_WARN_UNUSED_FUNCTION = YES;
				GCC_WARN_UNUSED_VARIABLE = YES;
				IPHONEOS_DEPLOYMENT_TARGET = 8.3;
				MTL_ENABLE_DEBUG_INFO = YES;
				ONLY_ACTIVE_ARCH = YES;
				SDKROOT = iphoneos;
				TARGETED_DEVICE_FAMILY = "1,2";
			};
			name = Debug;
		};
		9ADBA9F41B37DFDB003C12E0 /* Release */ = {
			isa = XCBuildConfiguration;
			buildSettings = {
				ALWAYS_SEARCH_USER_PATHS = NO;
				CLANG_CXX_LANGUAGE_STANDARD = "gnu++0x";
				CLANG_CXX_LIBRARY = "libc++";
				CLANG_ENABLE_MODULES = YES;
				CLANG_ENABLE_OBJC_ARC = YES;
				CLANG_WARN_BOOL_CONVERSION = YES;
				CLANG_WARN_CONSTANT_CONVERSION = YES;
				CLANG_WARN_DIRECT_OBJC_ISA_USAGE = YES_ERROR;
				CLANG_WARN_EMPTY_BODY = YES;
				CLANG_WARN_ENUM_CONVERSION = YES;
				CLANG_WARN_INT_CONVERSION = YES;
				CLANG_WARN_OBJC_ROOT_CLASS = YES_ERROR;
				CLANG_WARN_UNREACHABLE_CODE = YES;
				CLANG_WARN__DUPLICATE_METHOD_MATCH = YES;
				"CODE_SIGN_IDENTITY[sdk=iphoneos*]" = "iPhone Developer";
				COPY_PHASE_STRIP = NO;
				DEBUG_INFORMATION_FORMAT = "dwarf-with-dsym";
				ENABLE_NS_ASSERTIONS = NO;
				ENABLE_STRICT_OBJC_MSGSEND = YES;
				GCC_C_LANGUAGE_STANDARD = gnu99;
				GCC_NO_COMMON_BLOCKS = YES;
				GCC_WARN_64_TO_32_BIT_CONVERSION = YES;
				GCC_WARN_ABOUT_RETURN_TYPE = YES_ERROR;
				GCC_WARN_UNDECLARED_SELECTOR = YES;
				GCC_WARN_UNINITIALIZED_AUTOS = YES_AGGRESSIVE;
				GCC_WARN_UNUSED_FUNCTION = YES;
				GCC_WARN_UNUSED_VARIABLE = YES;
				IPHONEOS_DEPLOYMENT_TARGET = 8.3;
				MTL_ENABLE_DEBUG_INFO = NO;
				SDKROOT = iphoneos;
				TARGETED_DEVICE_FAMILY = "1,2";
				VALIDATE_PRODUCT = YES;
			};
			name = Release;
		};
		9ADBA9F61B37DFDB003C12E0 /* Debug */ = {
			isa = XCBuildConfiguration;
			buildSettings = {
				ASSETCATALOG_COMPILER_APPICON_NAME = AppIcon;
				INFOPLIST_FILE = news/Info.plist;
				LD_RUNPATH_SEARCH_PATHS = "$(inherited) @executable_path/Frameworks";
				PRODUCT_NAME = "$(TARGET_NAME)";
			};
			name = Debug;
		};
		9ADBA9F71B37DFDB003C12E0 /* Release */ = {
			isa = XCBuildConfiguration;
			buildSettings = {
				ASSETCATALOG_COMPILER_APPICON_NAME = AppIcon;
				INFOPLIST_FILE = news/Info.plist;
				LD_RUNPATH_SEARCH_PATHS = "$(inherited) @executable_path/Frameworks";
				PRODUCT_NAME = "$(TARGET_NAME)";
			};
			name = Release;
		};
		9ADBA9F91B37DFDB003C12E0 /* Debug */ = {
			isa = XCBuildConfiguration;
			buildSettings = {
				BUNDLE_LOADER = "$(TEST_HOST)";
				FRAMEWORK_SEARCH_PATHS = (
					"$(SDKROOT)/Developer/Library/Frameworks",
					"$(inherited)",
				);
				GCC_PREPROCESSOR_DEFINITIONS = (
					"DEBUG=1",
					"$(inherited)",
				);
				INFOPLIST_FILE = newsTests/Info.plist;
				LD_RUNPATH_SEARCH_PATHS = "$(inherited) @executable_path/Frameworks @loader_path/Frameworks";
				PRODUCT_NAME = "$(TARGET_NAME)";
				TEST_HOST = "$(BUILT_PRODUCTS_DIR)/news.app/news";
			};
			name = Debug;
		};
		9ADBA9FA1B37DFDB003C12E0 /* Release */ = {
			isa = XCBuildConfiguration;
			buildSettings = {
				BUNDLE_LOADER = "$(TEST_HOST)";
				FRAMEWORK_SEARCH_PATHS = (
					"$(SDKROOT)/Developer/Library/Frameworks",
					"$(inherited)",
				);
				INFOPLIST_FILE = newsTests/Info.plist;
				LD_RUNPATH_SEARCH_PATHS = "$(inherited) @executable_path/Frameworks @loader_path/Frameworks";
				PRODUCT_NAME = "$(TARGET_NAME)";
				TEST_HOST = "$(BUILT_PRODUCTS_DIR)/news.app/news";
			};
			name = Release;
		};
/* End XCBuildConfiguration section */

/* Begin XCConfigurationList section */
		9ADBA9CD1B37DFDB003C12E0 /* Build configuration list for PBXProject "news" */ = {
			isa = XCConfigurationList;
			buildConfigurations = (
				9ADBA9F31B37DFDB003C12E0 /* Debug */,
				9ADBA9F41B37DFDB003C12E0 /* Release */,
			);
			defaultConfigurationIsVisible = 0;
			defaultConfigurationName = Release;
		};
		9ADBA9F51B37DFDB003C12E0 /* Build configuration list for PBXNativeTarget "news" */ = {
			isa = XCConfigurationList;
			buildConfigurations = (
				9ADBA9F61B37DFDB003C12E0 /* Debug */,
				9ADBA9F71B37DFDB003C12E0 /* Release */,
			);
			defaultConfigurationIsVisible = 0;
		};
		9ADBA9F81B37DFDB003C12E0 /* Build configuration list for PBXNativeTarget "newsTests" */ = {
			isa = XCConfigurationList;
			buildConfigurations = (
				9ADBA9F91B37DFDB003C12E0 /* Debug */,
				9ADBA9FA1B37DFDB003C12E0 /* Release */,
			);
			defaultConfigurationIsVisible = 0;
		};
/* End XCConfigurationList section */
	};
	rootObject = 9ADBA9CA1B37DFDB003C12E0 /* Project object */;
}
